
Microsoft Visual Studio Solution File, Format Version 12.00
# Visual Studio 15
VisualStudioVersion = 15.0.28010.2046
MinimumVisualStudioVersion = 10.0.40219.1
Project("{FAE04EC0-301F-11D3-BF4B-00C04F79EFBC}") = "Factory Method", "Factory Method\Factory Method.csproj", "{3C9D24A8-CEFE-42C2-B404-B98ABD653D93}"
EndProject
Global
	GlobalSection(SolutionConfigurationPlatforms) = preSolution
		Debug|Any CPU = Debug|Any CPU
		Release|Any CPU = Release|Any CPU
	EndGlobalSection
	GlobalSection(ProjectConfigurationPlatforms) = postSolution
		{3C9D24A8-CEFE-42C2-B404-B98ABD653D93}.Debug|Any CPU.ActiveCfg = Debug|Any CPU
		{3C9D24A8-CEFE-42C2-B404-B98ABD653D93}.Debug|Any CPU.Build.0 = Debug|Any CPU
		{3C9D24A8-CEFE-42C2-B404-B98ABD653D93}.Release|Any CPU.ActiveCfg = Release|Any CPU
		{3C9D24A8-CEFE-42C2-B404-B98ABD653D93}.Release|Any CPU.Build.0 = Release|Any CPU
	EndGlobalSection
	GlobalSection(SolutionProperties) = preSolution
		HideSolutionNode = FALSE
	EndGlobalSection
	GlobalSection(ExtensibilityGlobals) = postSolution
		SolutionGuid = {CB3797C0-9BD3-428F-8E04-9561C500AF36}
	EndGlobalSection
EndGlobal
